// !$*UTF8*$!
{
	archiveVersion = 1;
	classes = {
	};
	objectVersion = 46;
	objects = {

/* Begin PBXBuildFile section */
		83779DCD1BD85D8400C897D2 /* Topic.swift in Sources */ = {isa = PBXBuildFile; fileRef = 83779DCC1BD85D8400C897D2 /* Topic.swift */; settings = {ASSET_TAGS = (); }; };
		83B1CAD71BD5BF7800C058B8 /* AppDelegate.swift in Sources */ = {isa = PBXBuildFile; fileRef = 83B1CAD61BD5BF7800C058B8 /* AppDelegate.swift */; };
		83B1CAD91BD5BF7800C058B8 /* SearchMasterViewController.swift in Sources */ = {isa = PBXBuildFile; fileRef = 83B1CAD81BD5BF7800C058B8 /* SearchMasterViewController.swift */; };
		83B1CADC1BD5BF7800C058B8 /* Main.storyboard in Resources */ = {isa = PBXBuildFile; fileRef = 83B1CADA1BD5BF7800C058B8 /* Main.storyboard */; };
		83B1CADE1BD5BF7800C058B8 /* Assets.xcassets in Resources */ = {isa = PBXBuildFile; fileRef = 83B1CADD1BD5BF7800C058B8 /* Assets.xcassets */; };
		83B1CAE11BD5BF7800C058B8 /* LaunchScreen.storyboard in Resources */ = {isa = PBXBuildFile; fileRef = 83B1CADF1BD5BF7800C058B8 /* LaunchScreen.storyboard */; };
		83B1CAEC1BD5BF7800C058B8 /* SampleDDGAppTests.swift in Sources */ = {isa = PBXBuildFile; fileRef = 83B1CAEB1BD5BF7800C058B8 /* SampleDDGAppTests.swift */; };
		83B1CAF71BD5BF7800C058B8 /* SampleDDGAppUITests.swift in Sources */ = {isa = PBXBuildFile; fileRef = 83B1CAF61BD5BF7800C058B8 /* SampleDDGAppUITests.swift */; };
		83EBDA421BD7CBBF001FEE59 /* SearchResultsViewController.swift in Sources */ = {isa = PBXBuildFile; fileRef = 83EBDA411BD7CBBF001FEE59 /* SearchResultsViewController.swift */; settings = {ASSET_TAGS = (); }; };
/* End PBXBuildFile section */

/* Begin PBXContainerItemProxy section */
		83B1CAE81BD5BF7800C058B8 /* PBXContainerItemProxy */ = {
			isa = PBXContainerItemProxy;
			containerPortal = 83B1CACB1BD5BF7800C058B8 /* Project object */;
			proxyType = 1;
			remoteGlobalIDString = 83B1CAD21BD5BF7800C058B8;
			remoteInfo = SampleDDGApp;
		};
		83B1CAF31BD5BF7800C058B8 /* PBXContainerItemProxy */ = {
			isa = PBXContainerItemProxy;
			containerPortal = 83B1CACB1BD5BF7800C058B8 /* Project object */;
			proxyType = 1;
			remoteGlobalIDString = 83B1CAD21BD5BF7800C058B8;
			remoteInfo = SampleDDGApp;
		};
/* End PBXContainerItemProxy section */

/* Begin PBXFileReference section */
		83779DCC1BD85D8400C897D2 /* Topic.swift */ = {isa = PBXFileReference; fileEncoding = 4; lastKnownFileType = sourcecode.swift; path = Topic.swift; sourceTree = "<group>"; };
		83B1CAD31BD5BF7800C058B8 /* SampleDDGApp.app */ = {isa = PBXFileReference; explicitFileType = wrapper.application; includeInIndex = 0; path = SampleDDGApp.app; sourceTree = BUILT_PRODUCTS_DIR; };
		83B1CAD61BD5BF7800C058B8 /* AppDelegate.swift */ = {isa = PBXFileReference; lastKnownFileType = sourcecode.swift; path = AppDelegate.swift; sourceTree = "<group>"; };
		83B1CAD81BD5BF7800C058B8 /* SearchMasterViewController.swift */ = {isa = PBXFileReference; lastKnownFileType = sourcecode.swift; path = SearchMasterViewController.swift; sourceTree = "<group>"; };
		83B1CADB1BD5BF7800C058B8 /* Base */ = {isa = PBXFileReference; lastKnownFileType = file.storyboard; name = Base; path = Base.lproj/Main.storyboard; sourceTree = "<group>"; };
		83B1CADD1BD5BF7800C058B8 /* Assets.xcassets */ = {isa = PBXFileReference; lastKnownFileType = folder.assetcatalog; path = Assets.xcassets; sourceTree = "<group>"; };
		83B1CAE01BD5BF7800C058B8 /* Base */ = {isa = PBXFileReference; lastKnownFileType = file.storyboard; name = Base; path = Base.lproj/LaunchScreen.storyboard; sourceTree = "<group>"; };
		83B1CAE21BD5BF7800C058B8 /* Info.plist */ = {isa = PBXFileReference; lastKnownFileType = text.plist.xml; path = Info.plist; sourceTree = "<group>"; };
		83B1CAE71BD5BF7800C058B8 /* SampleDDGAppTests.xctest */ = {isa = PBXFileReference; explicitFileType = wrapper.cfbundle; includeInIndex = 0; path = SampleDDGAppTests.xctest; sourceTree = BUILT_PRODUCTS_DIR; };
		83B1CAEB1BD5BF7800C058B8 /* SampleDDGAppTests.swift */ = {isa = PBXFileReference; lastKnownFileType = sourcecode.swift; path = SampleDDGAppTests.swift; sourceTree = "<group>"; };
		83B1CAED1BD5BF7800C058B8 /* Info.plist */ = {isa = PBXFileReference; lastKnownFileType = text.plist.xml; path = Info.plist; sourceTree = "<group>"; };
		83B1CAF21BD5BF7800C058B8 /* SampleDDGAppUITests.xctest */ = {isa = PBXFileReference; explicitFileType = wrapper.cfbundle; includeInIndex = 0; path = SampleDDGAppUITests.xctest; sourceTree = BUILT_PRODUCTS_DIR; };
		83B1CAF61BD5BF7800C058B8 /* SampleDDGAppUITests.swift */ = {isa = PBXFileReference; lastKnownFileType = sourcecode.swift; path = SampleDDGAppUITests.swift; sourceTree = "<group>"; };
		83B1CAF81BD5BF7800C058B8 /* Info.plist */ = {isa = PBXFileReference; lastKnownFileType = text.plist.xml; path = Info.plist; sourceTree = "<group>"; };
		83EBDA411BD7CBBF001FEE59 /* SearchResultsViewController.swift */ = {isa = PBXFileReference; fileEncoding = 4; lastKnownFileType = sourcecode.swift; path = SearchResultsViewController.swift; sourceTree = "<group>"; };
/* End PBXFileReference section */

/* Begin PBXFrameworksBuildPhase section */
		83B1CAD01BD5BF7800C058B8 /* Frameworks */ = {
			isa = PBXFrameworksBuildPhase;
			buildActionMask = 2147483647;
			files = (
			);
			runOnlyForDeploymentPostprocessing = 0;
		};
		83B1CAE41BD5BF7800C058B8 /* Frameworks */ = {
			isa = PBXFrameworksBuildPhase;
			buildActionMask = 2147483647;
			files = (
			);
			runOnlyForDeploymentPostprocessing = 0;
		};
		83B1CAEF1BD5BF7800C058B8 /* Frameworks */ = {
			isa = PBXFrameworksBuildPhase;
			buildActionMask = 2147483647;
			files = (
			);
			runOnlyForDeploymentPostprocessing = 0;
		};
/* End PBXFrameworksBuildPhase section */

/* Begin PBXGroup section */
		83B1CACA1BD5BF7800C058B8 = {
			isa = PBXGroup;
			children = (
				83B1CAD51BD5BF7800C058B8 /* SampleDDGApp */,
				83B1CAEA1BD5BF7800C058B8 /* SampleDDGAppTests */,
				83B1CAF51BD5BF7800C058B8 /* SampleDDGAppUITests */,
				83B1CAD41BD5BF7800C058B8 /* Products */,
			);
			sourceTree = "<group>";
		};
		83B1CAD41BD5BF7800C058B8 /* Products */ = {
			isa = PBXGroup;
			children = (
				83B1CAD31BD5BF7800C058B8 /* SampleDDGApp.app */,
				83B1CAE71BD5BF7800C058B8 /* SampleDDGAppTests.xctest */,
				83B1CAF21BD5BF7800C058B8 /* SampleDDGAppUITests.xctest */,
			);
			name = Products;
			sourceTree = "<group>";
		};
		83B1CAD51BD5BF7800C058B8 /* SampleDDGApp */ = {
			isa = PBXGroup;
			children = (
				83B1CAD61BD5BF7800C058B8 /* AppDelegate.swift */,
				83B1CAD81BD5BF7800C058B8 /* SearchMasterViewController.swift */,
				83EBDA411BD7CBBF001FEE59 /* SearchResultsViewController.swift */,
				83779DCC1BD85D8400C897D2 /* Topic.swift */,
				83B1CADA1BD5BF7800C058B8 /* Main.storyboard */,
				83B1CADD1BD5BF7800C058B8 /* Assets.xcassets */,
				83B1CADF1BD5BF7800C058B8 /* LaunchScreen.storyboard */,
				83B1CAE21BD5BF7800C058B8 /* Info.plist */,
			);
			path = SampleDDGApp;
			sourceTree = "<group>";
		};
		83B1CAEA1BD5BF7800C058B8 /* SampleDDGAppTests */ = {
			isa = PBXGroup;
			children = (
				83B1CAEB1BD5BF7800C058B8 /* SampleDDGAppTests.swift */,
				83B1CAED1BD5BF7800C058B8 /* Info.plist */,
			);
			path = SampleDDGAppTests;
			sourceTree = "<group>";
		};
		83B1CAF51BD5BF7800C058B8 /* SampleDDGAppUITests */ = {
			isa = PBXGroup;
			children = (
				83B1CAF61BD5BF7800C058B8 /* SampleDDGAppUITests.swift */,
				83B1CAF81BD5BF7800C058B8 /* Info.plist */,
			);
			path = SampleDDGAppUITests;
			sourceTree = "<group>";
		};
/* End PBXGroup section */

/* Begin PBXNativeTarget section */
		83B1CAD21BD5BF7800C058B8 /* SampleDDGApp */ = {
			isa = PBXNativeTarget;
			buildConfigurationList = 83B1CAFB1BD5BF7800C058B8 /* Build configuration list for PBXNativeTarget "SampleDDGApp" */;
			buildPhases = (
				83B1CACF1BD5BF7800C058B8 /* Sources */,
				83B1CAD01BD5BF7800C058B8 /* Frameworks */,
				83B1CAD11BD5BF7800C058B8 /* Resources */,
			);
			buildRules = (
			);
			dependencies = (
			);
			name = SampleDDGApp;
			productName = SampleDDGApp;
			productReference = 83B1CAD31BD5BF7800C058B8 /* SampleDDGApp.app */;
			productType = "com.apple.product-type.application";
		};
		83B1CAE61BD5BF7800C058B8 /* SampleDDGAppTests */ = {
			isa = PBXNativeTarget;
			buildConfigurationList = 83B1CAFE1BD5BF7800C058B8 /* Build configuration list for PBXNativeTarget "SampleDDGAppTests" */;
			buildPhases = (
				83B1CAE31BD5BF7800C058B8 /* Sources */,
				83B1CAE41BD5BF7800C058B8 /* Frameworks */,
				83B1CAE51BD5BF7800C058B8 /* Resources */,
			);
			buildRules = (
			);
			dependencies = (
				83B1CAE91BD5BF7800C058B8 /* PBXTargetDependency */,
			);
			name = SampleDDGAppTests;
			productName = SampleDDGAppTests;
			productReference = 83B1CAE71BD5BF7800C058B8 /* SampleDDGAppTests.xctest */;
			productType = "com.apple.product-type.bundle.unit-test";
		};
		83B1CAF11BD5BF7800C058B8 /* SampleDDGAppUITests */ = {
			isa = PBXNativeTarget;
			buildConfigurationList = 83B1CB011BD5BF7800C058B8 /* Build configuration list for PBXNativeTarget "SampleDDGAppUITests" */;
			buildPhases = (
				83B1CAEE1BD5BF7800C058B8 /* Sources */,
				83B1CAEF1BD5BF7800C058B8 /* Frameworks */,
				83B1CAF01BD5BF7800C058B8 /* Resources */,
			);
			buildRules = (
			);
			dependencies = (
				83B1CAF41BD5BF7800C058B8 /* PBXTargetDependency */,
			);
			name = SampleDDGAppUITests;
			productName = SampleDDGAppUITests;
			productReference = 83B1CAF21BD5BF7800C058B8 /* SampleDDGAppUITests.xctest */;
			productType = "com.apple.product-type.bundle.ui-testing";
		};
/* End PBXNativeTarget section */

/* Begin PBXProject section */
		83B1CACB1BD5BF7800C058B8 /* Project object */ = {
			isa = PBXProject;
			attributes = {
				LastUpgradeCheck = 0700;
				ORGANIZATIONNAME = "Christina McIntyre";
				TargetAttributes = {
					83B1CAD21BD5BF7800C058B8 = {
						CreatedOnToolsVersion = 7.0.1;
					};
					83B1CAE61BD5BF7800C058B8 = {
						CreatedOnToolsVersion = 7.0.1;
						TestTargetID = 83B1CAD21BD5BF7800C058B8;
					};
					83B1CAF11BD5BF7800C058B8 = {
						CreatedOnToolsVersion = 7.0.1;
						TestTargetID = 83B1CAD21BD5BF7800C058B8;
					};
				};
			};
			buildConfigurationList = 83B1CACE1BD5BF7800C058B8 /* Build configuration list for PBXProject "SampleDDGApp" */;
			compatibilityVersion = "Xcode 3.2";
			developmentRegion = English;
			hasScannedForEncodings = 0;
			knownRegions = (
				en,
				Base,
			);
			mainGroup = 83B1CACA1BD5BF7800C058B8;
			productRefGroup = 83B1CAD41BD5BF7800C058B8 /* Products */;
			projectDirPath = "";
			projectRoot = "";
			targets = (
				83B1CAD21BD5BF7800C058B8 /* SampleDDGApp */,
				83B1CAE61BD5BF7800C058B8 /* SampleDDGAppTests */,
				83B1CAF11BD5BF7800C058B8 /* SampleDDGAppUITests */,
			);
		};
/* End PBXProject section */

/* Begin PBXResourcesBuildPhase section */
		83B1CAD11BD5BF7800C058B8 /* Resources */ = {
			isa = PBXResourcesBuildPhase;
			buildActionMask = 2147483647;
			files = (
				83B1CAE11BD5BF7800C058B8 /* LaunchScreen.storyboard in Resources */,
				83B1CADE1BD5BF7800C058B8 /* Assets.xcassets in Resources */,
				83B1CADC1BD5BF7800C058B8 /* Main.storyboard in Resources */,
			);
			runOnlyForDeploymentPostprocessing = 0;
		};
		83B1CAE51BD5BF7800C058B8 /* Resources */ = {
			isa = PBXResourcesBuildPhase;
			buildActionMask = 2147483647;
			files = (
			);
			runOnlyForDeploymentPostprocessing = 0;
		};
		83B1CAF01BD5BF7800C058B8 /* Resources */ = {
			isa = PBXResourcesBuildPhase;
			buildActionMask = 2147483647;
			files = (
			);
			runOnlyForDeploymentPostprocessing = 0;
		};
/* End PBXResourcesBuildPhase section */

/* Begin PBXSourcesBuildPhase section */
		83B1CACF1BD5BF7800C058B8 /* Sources */ = {
			isa = PBXSourcesBuildPhase;
			buildActionMask = 2147483647;
			files = (
				83B1CAD91BD5BF7800C058B8 /* SearchMasterViewController.swift in Sources */,
				83779DCD1BD85D8400C897D2 /* Topic.swift in Sources */,
				83EBDA421BD7CBBF001FEE59 /* SearchResultsViewController.swift in Sources */,
				83B1CAD71BD5BF7800C058B8 /* AppDelegate.swift in Sources */,
			);
			runOnlyForDeploymentPostprocessing = 0;
		};
		83B1CAE31BD5BF7800C058B8 /* Sources */ = {
			isa = PBXSourcesBuildPhase;
			buildActionMask = 2147483647;
			files = (
				83B1CAEC1BD5BF7800C058B8 /* SampleDDGAppTests.swift in Sources */,
			);
			runOnlyForDeploymentPostprocessing = 0;
		};
		83B1CAEE1BD5BF7800C058B8 /* Sources */ = {
			isa = PBXSourcesBuildPhase;
			buildActionMask = 2147483647;
			files = (
				83B1CAF71BD5BF7800C058B8 /* SampleDDGAppUITests.swift in Sources */,
			);
			runOnlyForDeploymentPostprocessing = 0;
		};
/* End PBXSourcesBuildPhase section */

/* Begin PBXTargetDependency section */
		83B1CAE91BD5BF7800C058B8 /* PBXTargetDependency */ = {
			isa = PBXTargetDependency;
			target = 83B1CAD21BD5BF7800C058B8 /* SampleDDGApp */;
			targetProxy = 83B1CAE81BD5BF7800C058B8 /* PBXContainerItemProxy */;
		};
		83B1CAF41BD5BF7800C058B8 /* PBXTargetDependency */ = {
			isa = PBXTargetDependency;
			target = 83B1CAD21BD5BF7800C058B8 /* SampleDDGApp */;
			targetProxy = 83B1CAF31BD5BF7800C058B8 /* PBXContainerItemProxy */;
		};
/* End PBXTargetDependency section */

/* Begin PBXVariantGroup section */
		83B1CADA1BD5BF7800C058B8 /* Main.storyboard */ = {
			isa = PBXVariantGroup;
			children = (
				83B1CADB1BD5BF7800C058B8 /* Base */,
			);
			name = Main.storyboard;
			sourceTree = "<group>";
		};
		83B1CADF1BD5BF7800C058B8 /* LaunchScreen.storyboard */ = {
			isa = PBXVariantGroup;
			children = (
				83B1CAE01BD5BF7800C058B8 /* Base */,
			);
			name = LaunchScreen.storyboard;
			sourceTree = "<group>";
		};
/* End PBXVariantGroup section */

/* Begin XCBuildConfiguration section */
		83B1CAF91BD5BF7800C058B8 /* Debug */ = {
			isa = XCBuildConfiguration;
			buildSettings = {
				ALWAYS_SEARCH_USER_PATHS = NO;
				CLANG_CXX_LANGUAGE_STANDARD = "gnu++0x";
				CLANG_CXX_LIBRARY = "libc++";
				CLANG_ENABLE_MODULES = YES;
				CLANG_ENABLE_OBJC_ARC = YES;
				CLANG_WARN_BOOL_CONVERSION = YES;
				CLANG_WARN_CONSTANT_CONVERSION = YES;
				CLANG_WARN_DIRECT_OBJC_ISA_USAGE = YES_ERROR;
				CLANG_WARN_EMPTY_BODY = YES;
				CLANG_WARN_ENUM_CONVERSION = YES;
				CLANG_WARN_INT_CONVERSION = YES;
				CLANG_WARN_OBJC_ROOT_CLASS = YES_ERROR;
				CLANG_WARN_UNREACHABLE_CODE = YES;
				CLANG_WARN__DUPLICATE_METHOD_MATCH = YES;
				"CODE_SIGN_IDENTITY[sdk=iphoneos*]" = "iPhone Developer";
				COPY_PHASE_STRIP = NO;
				DEBUG_INFORMATION_FORMAT = dwarf;
				ENABLE_STRICT_OBJC_MSGSEND = YES;
				ENABLE_TESTABILITY = YES;
				GCC_C_LANGUAGE_STANDARD = gnu99;
				GCC_DYNAMIC_NO_PIC = NO;
				GCC_NO_COMMON_BLOCKS = YES;
				GCC_OPTIMIZATION_LEVEL = 0;
				GCC_PREPROCESSOR_DEFINITIONS = (
					"DEBUG=1",
					"$(inherited)",
				);
				GCC_WARN_64_TO_32_BIT_CONVERSION = YES;
				GCC_WARN_ABOUT_RETURN_TYPE = YES_ERROR;
				GCC_WARN_UNDECLARED_SELECTOR = YES;
				GCC_WARN_UNINITIALIZED_AUTOS = YES_AGGRESSIVE;
				GCC_WARN_UNUSED_FUNCTION = YES;
				GCC_WARN_UNUSED_VARIABLE = YES;
				IPHONEOS_DEPLOYMENT_TARGET = 9.0;
				MTL_ENABLE_DEBUG_INFO = YES;
				ONLY_ACTIVE_ARCH = YES;
				SDKROOT = iphoneos;
				SWIFT_OPTIMIZATION_LEVEL = "-Onone";
			};
			name = Debug;
		};
		83B1CAFA1BD5BF7800C058B8 /* Release */ = {
			isa = XCBuildConfiguration;
			buildSettings = {
				ALWAYS_SEARCH_USER_PATHS = NO;
				CLANG_CXX_LANGUAGE_STANDARD = "gnu++0x";
				CLANG_CXX_LIBRARY = "libc++";
				CLANG_ENABLE_MODULES = YES;
				CLANG_ENABLE_OBJC_ARC = YES;
				CLANG_WARN_BOOL_CONVERSION = YES;
				CLANG_WARN_CONSTANT_CONVERSION = YES;
				CLANG_WARN_DIRECT_OBJC_ISA_USAGE = YES_ERROR;
				CLANG_WARN_EMPTY_BODY = YES;
				CLANG_WARN_ENUM_CONVERSION = YES;
				CLANG_WARN_INT_CONVERSION = YES;
				CLANG_WARN_OBJC_ROOT_CLASS = YES_ERROR;
				CLANG_WARN_UNREACHABLE_CODE = YES;
				CLANG_WARN__DUPLICATE_METHOD_MATCH = YES;
				"CODE_SIGN_IDENTITY[sdk=iphoneos*]" = "iPhone Developer";
				COPY_PHASE_STRIP = NO;
				DEBUG_INFORMATION_FORMAT = "dwarf-with-dsym";
				ENABLE_NS_ASSERTIONS = NO;
				ENABLE_STRICT_OBJC_MSGSEND = YES;
				GCC_C_LANGUAGE_STANDARD = gnu99;
				GCC_NO_COMMON_BLOCKS = YES;
				GCC_WARN_64_TO_32_BIT_CONVERSION = YES;
				GCC_WARN_ABOUT_RETURN_TYPE = YES_ERROR;
				GCC_WARN_UNDECLARED_SELECTOR = YES;
				GCC_WARN_UNINITIALIZED_AUTOS = YES_AGGRESSIVE;
				GCC_WARN_UNUSED_FUNCTION = YES;
				GCC_WARN_UNUSED_VARIABLE = YES;
				IPHONEOS_DEPLOYMENT_TARGET = 9.0;
				MTL_ENABLE_DEBUG_INFO = NO;
				SDKROOT = iphoneos;
				VALIDATE_PRODUCT = YES;
			};
			name = Release;
		};
		83B1CAFC1BD5BF7800C058B8 /* Debug */ = {
			isa = XCBuildConfiguration;
			buildSettings = {
				ASSETCATALOG_COMPILER_APPICON_NAME = AppIcon;
				INFOPLIST_FILE = SampleDDGApp/Info.plist;
				LD_RUNPATH_SEARCH_PATHS = "$(inherited) @executable_path/Frameworks";
				PRODUCT_BUNDLE_IDENTIFIER = com.christinamcintyre.SampleDDGApp;
				PRODUCT_NAME = "$(TARGET_NAME)";
			};
			name = Debug;
		};
		83B1CAFD1BD5BF7800C058B8 /* Release */ = {
			isa = XCBuildConfiguration;
			buildSettings = {
				ASSETCATALOG_COMPILER_APPICON_NAME = AppIcon;
				INFOPLIST_FILE = SampleDDGApp/Info.plist;
				LD_RUNPATH_SEARCH_PATHS = "$(inherited) @executable_path/Frameworks";
				PRODUCT_BUNDLE_IDENTIFIER = com.christinamcintyre.SampleDDGApp;
				PRODUCT_NAME = "$(TARGET_NAME)";
			};
			name = Release;
		};
		83B1CAFF1BD5BF7800C058B8 /* Debug */ = {
			isa = XCBuildConfiguration;
			buildSettings = {
				BUNDLE_LOADER = "$(TEST_HOST)";
				INFOPLIST_FILE = SampleDDGAppTests/Info.plist;
				LD_RUNPATH_SEARCH_PATHS = "$(inherited) @executable_path/Frameworks @loader_path/Frameworks";
				PRODUCT_BUNDLE_IDENTIFIER = com.christinamcintyre.SampleDDGAppTests;
				PRODUCT_NAME = "$(TARGET_NAME)";
				TEST_HOST = "$(BUILT_PRODUCTS_DIR)/SampleDDGApp.app/SampleDDGApp";
			};
			name = Debug;
		};
		83B1CB001BD5BF7800C058B8 /* Release */ = {
			isa = XCBuildConfiguration;
			buildSettings = {
				BUNDLE_LOADER = "$(TEST_HOST)";
				INFOPLIST_FILE = SampleDDGAppTests/Info.plist;
				LD_RUNPATH_SEARCH_PATHS = "$(inherited) @executable_path/Frameworks @loader_path/Frameworks";
				PRODUCT_BUNDLE_IDENTIFIER = com.christinamcintyre.SampleDDGAppTests;
				PRODUCT_NAME = "$(TARGET_NAME)";
				TEST_HOST = "$(BUILT_PRODUCTS_DIR)/SampleDDGApp.app/SampleDDGApp";
			};
			name = Release;
		};
		83B1CB021BD5BF7800C058B8 /* Debug */ = {
			isa = XCBuildConfiguration;
			buildSettings = {
				INFOPLIST_FILE = SampleDDGAppUITests/Info.plist;
				LD_RUNPATH_SEARCH_PATHS = "$(inherited) @executable_path/Frameworks @loader_path/Frameworks";
				PRODUCT_BUNDLE_IDENTIFIER = com.christinamcintyre.SampleDDGAppUITests;
				PRODUCT_NAME = "$(TARGET_NAME)";
				TEST_TARGET_NAME = SampleDDGApp;
				USES_XCTRUNNER = YES;
			};
			name = Debug;
		};
		83B1CB031BD5BF7800C058B8 /* Release */ = {
			isa = XCBuildConfiguration;
			buildSettings = {
				INFOPLIST_FILE = SampleDDGAppUITests/Info.plist;
				LD_RUNPATH_SEARCH_PATHS = "$(inherited) @executable_path/Frameworks @loader_path/Frameworks";
				PRODUCT_BUNDLE_IDENTIFIER = com.christinamcintyre.SampleDDGAppUITests;
				PRODUCT_NAME = "$(TARGET_NAME)";
				TEST_TARGET_NAME = SampleDDGApp;
				USES_XCTRUNNER = YES;
			};
			name = Release;
		};
/* End XCBuildConfiguration section */

/* Begin XCConfigurationList section */
		83B1CACE1BD5BF7800C058B8 /* Build configuration list for PBXProject "SampleDDGApp" */ = {
			isa = XCConfigurationList;
			buildConfigurations = (
				83B1CAF91BD5BF7800C058B8 /* Debug */,
				83B1CAFA1BD5BF7800C058B8 /* Release */,
			);
			defaultConfigurationIsVisible = 0;
			defaultConfigurationName = Release;
		};
		83B1CAFB1BD5BF7800C058B8 /* Build configuration list for PBXNativeTarget "SampleDDGApp" */ = {
			isa = XCConfigurationList;
			buildConfigurations = (
				83B1CAFC1BD5BF7800C058B8 /* Debug */,
				83B1CAFD1BD5BF7800C058B8 /* Release */,
			);
			defaultConfigurationIsVisible = 0;
			defaultConfigurationName = Release;
		};
		83B1CAFE1BD5BF7800C058B8 /* Build configuration list for PBXNativeTarget "SampleDDGAppTests" */ = {
			isa = XCConfigurationList;
			buildConfigurations = (
				83B1CAFF1BD5BF7800C058B8 /* Debug */,
				83B1CB001BD5BF7800C058B8 /* Release */,
			);
			defaultConfigurationIsVisible = 0;
			defaultConfigurationName = Release;
		};
		83B1CB011BD5BF7800C058B8 /* Build configuration list for PBXNativeTarget "SampleDDGAppUITests" */ = {
			isa = XCConfigurationList;
			buildConfigurations = (
				83B1CB021BD5BF7800C058B8 /* Debug */,
				83B1CB031BD5BF7800C058B8 /* Release */,
			);
			defaultConfigurationIsVisible = 0;
			defaultConfigurationName = Release;
		};
/* End XCConfigurationList section */
	};
	rootObject = 83B1CACB1BD5BF7800C058B8 /* Project object */;
}
